
Microsoft Visual Studio Solution File, Format Version 12.00
# Visual Studio Version 17
VisualStudioVersion = 17.3.32819.101
MinimumVisualStudioVersion = 10.0.40219.1
Project("{FAE04EC0-301F-11D3-BF4B-00C04F79EFBC}") = "AzureSpooky", "AzureSpooky\AzureSpooky.csproj", "{391155B2-5440-442E-807F-5CA7E72A5DE3}"
EndProject
Global
	GlobalSection(SolutionConfigurationPlatforms) = preSolution
		Debug|Any CPU = Debug|Any CPU
		Release|Any CPU = Release|Any CPU
	EndGlobalSection
	GlobalSection(ProjectConfigurationPlatforms) = postSolution
		{391155B2-5440-442E-807F-5CA7E72A5DE3}.Debug|Any CPU.ActiveCfg = Debug|Any CPU
		{391155B2-5440-442E-807F-5CA7E72A5DE3}.Debug|Any CPU.Build.0 = Debug|Any CPU
		{391155B2-5440-442E-807F-5CA7E72A5DE3}.Release|Any CPU.ActiveCfg = Release|Any CPU
		{391155B2-5440-442E-807F-5CA7E72A5DE3}.Release|Any CPU.Build.0 = Release|Any CPU
	EndGlobalSection
	GlobalSection(SolutionProperties) = preSolution
		HideSolutionNode = FALSE
	EndGlobalSection
	GlobalSection(ExtensibilityGlobals) = postSolution
		SolutionGuid = {1499E14E-6A4D-4A25-808C-90D1F8F4505B}
	EndGlobalSection
EndGlobal
